// !$*UTF8*$!
{
	archiveVersion = 1;
	classes = {
	};
	objectVersion = 56;
	objects = {

/* Begin PBXBuildFile section */
		7C1F01FA2BD908C3003F183E /* WalletToken.swift in Sources */ = {isa = PBXBuildFile; fileRef = 7C1F01F92BD908C3003F183E /* WalletToken.swift */; };
		7C1F01FC2BD908DE003F183E /* PrefWrapper.swift in Sources */ = {isa = PBXBuildFile; fileRef = 7C1F01FB2BD908DE003F183E /* PrefWrapper.swift */; };
		7C27EA3E2BFDAAA1006425D7 /* LockManager.swift in Sources */ = {isa = PBXBuildFile; fileRef = 7C27EA3D2BFDAAA1006425D7 /* LockManager.swift */; };
		7C4864A02BF6F60D00A58F07 /* Observable.swift in Sources */ = {isa = PBXBuildFile; fileRef = 7C48649F2BF6F60D00A58F07 /* Observable.swift */; };
		7C4864A42BF6FC6900A58F07 /* User.swift in Sources */ = {isa = PBXBuildFile; fileRef = 7C4864A32BF6FC6900A58F07 /* User.swift */; };
		7C4864AC2BF717AE00A58F07 /* KeyChainWrapper.swift in Sources */ = {isa = PBXBuildFile; fileRef = 7C4864AB2BF717AE00A58F07 /* KeyChainWrapper.swift */; };
		7C4E73562BD0DEDE004912C5 /* WalletCore.swift in Sources */ = {isa = PBXBuildFile; fileRef = 7C4E73552BD0DEDE004912C5 /* WalletCore.swift */; };
		7C4E735A2BD0DF25004912C5 /* CryptoUtil.swift in Sources */ = {isa = PBXBuildFile; fileRef = 7C4E73592BD0DF25004912C5 /* CryptoUtil.swift */; };
		7C7A4E0E2BFC53CF00F4D63F /* Extension.swift in Sources */ = {isa = PBXBuildFile; fileRef = 7C7A4E0D2BFC53CF00F4D63F /* Extension.swift */; };
		7C871B352C1C1FD5002A80D8 /* OpenDID_DataModel.xcframework in Frameworks */ = {isa = PBXBuildFile; fileRef = 7C871B342C1C1FD5002A80D8 /* OpenDID_DataModel.xcframework */; };
		7C871B362C1C1FD5002A80D8 /* OpenDID_DataModel.xcframework in Embed Frameworks */ = {isa = PBXBuildFile; fileRef = 7C871B342C1C1FD5002A80D8 /* OpenDID_DataModel.xcframework */; settings = {ATTRIBUTES = (CodeSignOnCopy, RemoveHeadersOnCopy, ); }; };
		7CA8D12D2C1FF50300516DCE /* OpenDIDCryptoSDK.xcframework in Frameworks */ = {isa = PBXBuildFile; fileRef = 7CA8D12C2C1FF50300516DCE /* OpenDIDCryptoSDK.xcframework */; };
		7CA8D12E2C1FF50300516DCE /* OpenDIDCryptoSDK.xcframework in Embed Frameworks */ = {isa = PBXBuildFile; fileRef = 7CA8D12C2C1FF50300516DCE /* OpenDIDCryptoSDK.xcframework */; settings = {ATTRIBUTES = (CodeSignOnCopy, RemoveHeadersOnCopy, ); }; };
		7CB8D8312BC917370063D094 /* WalletSDK.docc in Sources */ = {isa = PBXBuildFile; fileRef = 7CB8D8302BC917370063D094 /* WalletSDK.docc */; };
		7CB8D8372BC917370063D094 /* WalletSDK.framework in Frameworks */ = {isa = PBXBuildFile; fileRef = 7CB8D82C2BC917370063D094 /* WalletSDK.framework */; };
		7CB8D83C2BC917370063D094 /* WalletSDKTests.swift in Sources */ = {isa = PBXBuildFile; fileRef = 7CB8D83B2BC917370063D094 /* WalletSDKTests.swift */; };
		7CB8D83D2BC917370063D094 /* WalletSDK.h in Headers */ = {isa = PBXBuildFile; fileRef = 7CB8D82F2BC917370063D094 /* WalletSDK.h */; settings = {ATTRIBUTES = (Public, ); }; };
		7CB8D8472BC9174D0063D094 /* WalletAPI.swift in Sources */ = {isa = PBXBuildFile; fileRef = 7CB8D8462BC9174D0063D094 /* WalletAPI.swift */; };
		7CCB02492C1936E3007280AE /* WalletApiError.swift in Sources */ = {isa = PBXBuildFile; fileRef = 7CCB02482C1936E3007280AE /* WalletApiError.swift */; };
		7CCB024B2C1936FD007280AE /* DataModelSDK.framework in Frameworks */ = {isa = PBXBuildFile; fileRef = 7CCB024A2C1936FD007280AE /* DataModelSDK.framework */; platformFilter = ios; };
		7CCB024C2C1936FD007280AE /* DataModelSDK.framework in Embed Frameworks */ = {isa = PBXBuildFile; fileRef = 7CCB024A2C1936FD007280AE /* DataModelSDK.framework */; platformFilter = ios; settings = {ATTRIBUTES = (CodeSignOnCopy, RemoveHeadersOnCopy, ); }; };
		7CF0A1E92BFB38720006E992 /* DateUtil.swift in Sources */ = {isa = PBXBuildFile; fileRef = 7CF0A1E82BFB38720006E992 /* DateUtil.swift */; };
		7CF23A522BF3606200DF97B6 /* Data.swift in Sources */ = {isa = PBXBuildFile; fileRef = 7CF23A512BF3606200DF97B6 /* Data.swift */; };
		7CF8FFC22BD5EB41006193A3 /* WalletCoreProtocol.swift in Sources */ = {isa = PBXBuildFile; fileRef = 7CF8FFC12BD5EB41006193A3 /* WalletCoreProtocol.swift */; };
		7CF8FFC42BD5EB5D006193A3 /* WalletServiceProtocol.swift in Sources */ = {isa = PBXBuildFile; fileRef = 7CF8FFC32BD5EB5D006193A3 /* WalletServiceProtocol.swift */; };
		7CFABBD22BDA23860058CFC1 /* WalletModel.xcdatamodeld in Sources */ = {isa = PBXBuildFile; fileRef = 7CFABBD02BDA23860058CFC1 /* WalletModel.xcdatamodeld */; };
		7CFABBF12BDA28E10058CFC1 /* CoreDataManager.swift in Sources */ = {isa = PBXBuildFile; fileRef = 7CFABBF02BDA28E10058CFC1 /* CoreDataManager.swift */; };
		7CFABBF32BDA2A840058CFC1 /* Ca.swift in Sources */ = {isa = PBXBuildFile; fileRef = 7CFABBF22BDA2A840058CFC1 /* Ca.swift */; };
		7CFABBF52BDA2A9C0058CFC1 /* Token.swift in Sources */ = {isa = PBXBuildFile; fileRef = 7CFABBF42BDA2A9C0058CFC1 /* Token.swift */; };
		7CFABBF72BDA2B6E0058CFC1 /* CoreData.framework in Frameworks */ = {isa = PBXBuildFile; fileRef = 7CFABBF62BDA2B6E0058CFC1 /* CoreData.framework */; };
/* End PBXBuildFile section */

/* Begin PBXContainerItemProxy section */
		7CB8D8382BC917370063D094 /* PBXContainerItemProxy */ = {
			isa = PBXContainerItemProxy;
			containerPortal = 7CB8D8232BC917370063D094 /* Project object */;
			proxyType = 1;
			remoteGlobalIDString = 7CB8D82B2BC917370063D094;
			remoteInfo = WalletSDK;
		};
/* End PBXContainerItemProxy section */

/* Begin PBXCopyFilesBuildPhase section */
		7C1F01E92BD8E3A7003F183E /* Embed Frameworks */ = {
			isa = PBXCopyFilesBuildPhase;
			buildActionMask = 2147483647;
			dstPath = "";
			dstSubfolderSpec = 10;
			files = (
				7CCB024C2C1936FD007280AE /* DataModelSDK.framework in Embed Frameworks */,
				7CA8D12E2C1FF50300516DCE /* OpenDIDCryptoSDK.xcframework in Embed Frameworks */,
				7C871B362C1C1FD5002A80D8 /* OpenDID_DataModel.xcframework in Embed Frameworks */,
			);
			name = "Embed Frameworks";
			runOnlyForDeploymentPostprocessing = 0;
		};
/* End PBXCopyFilesBuildPhase section */

/* Begin PBXFileReference section */
		7C1F01E62BD8E3A7003F183E /* CrpytoSDK.framework */ = {isa = PBXFileReference; lastKnownFileType = wrapper.framework; name = CrpytoSDK.framework; path = "../../../Library/Developer/Xcode/DerivedData/CASample-eyoitfbejkoxbffhduwoxypuaozw/Build/Products/Debug-iphoneos/CrpytoSDK.framework"; sourceTree = "<group>"; };
		7C1F01F92BD908C3003F183E /* WalletToken.swift */ = {isa = PBXFileReference; lastKnownFileType = sourcecode.swift; path = WalletToken.swift; sourceTree = "<group>"; };
		7C1F01FB2BD908DE003F183E /* PrefWrapper.swift */ = {isa = PBXFileReference; lastKnownFileType = sourcecode.swift; path = PrefWrapper.swift; sourceTree = "<group>"; };
		7C27EA3D2BFDAAA1006425D7 /* LockManager.swift */ = {isa = PBXFileReference; lastKnownFileType = sourcecode.swift; path = LockManager.swift; sourceTree = "<group>"; };
		7C48649F2BF6F60D00A58F07 /* Observable.swift */ = {isa = PBXFileReference; lastKnownFileType = sourcecode.swift; path = Observable.swift; sourceTree = "<group>"; };
		7C4864A32BF6FC6900A58F07 /* User.swift */ = {isa = PBXFileReference; lastKnownFileType = sourcecode.swift; path = User.swift; sourceTree = "<group>"; };
		7C4864AB2BF717AE00A58F07 /* KeyChainWrapper.swift */ = {isa = PBXFileReference; lastKnownFileType = sourcecode.swift; path = KeyChainWrapper.swift; sourceTree = "<group>"; };
		7C4E73552BD0DEDE004912C5 /* WalletCore.swift */ = {isa = PBXFileReference; lastKnownFileType = sourcecode.swift; path = WalletCore.swift; sourceTree = "<group>"; };
		7C4E73592BD0DF25004912C5 /* CryptoUtil.swift */ = {isa = PBXFileReference; lastKnownFileType = sourcecode.swift; path = CryptoUtil.swift; sourceTree = "<group>"; };
		7C7A4E0D2BFC53CF00F4D63F /* Extension.swift */ = {isa = PBXFileReference; lastKnownFileType = sourcecode.swift; path = Extension.swift; sourceTree = "<group>"; };
		7C871B342C1C1FD5002A80D8 /* OpenDID_DataModel.xcframework */ = {isa = PBXFileReference; lastKnownFileType = wrapper.xcframework; name = OpenDID_DataModel.xcframework; path = ../../messagesdk_ios/DataModelSDK/DataModelSDK/framework/OpenDID_DataModel.xcframework; sourceTree = "<group>"; };
		7CA8D12C2C1FF50300516DCE /* OpenDIDCryptoSDK.xcframework */ = {isa = PBXFileReference; lastKnownFileType = wrapper.xcframework; name = OpenDIDCryptoSDK.xcframework; path = "../../ca-ios/source/framework/OpenDIDCryptoSDK.xcframework"; sourceTree = "<group>"; };
		7CB8D82C2BC917370063D094 /* WalletSDK.framework */ = {isa = PBXFileReference; explicitFileType = wrapper.framework; includeInIndex = 0; path = WalletSDK.framework; sourceTree = BUILT_PRODUCTS_DIR; };
		7CB8D82F2BC917370063D094 /* WalletSDK.h */ = {isa = PBXFileReference; lastKnownFileType = sourcecode.c.h; path = WalletSDK.h; sourceTree = "<group>"; };
		7CB8D8302BC917370063D094 /* WalletSDK.docc */ = {isa = PBXFileReference; lastKnownFileType = folder.documentationcatalog; path = WalletSDK.docc; sourceTree = "<group>"; };
		7CB8D8362BC917370063D094 /* WalletSDKTests.xctest */ = {isa = PBXFileReference; explicitFileType = wrapper.cfbundle; includeInIndex = 0; path = WalletSDKTests.xctest; sourceTree = BUILT_PRODUCTS_DIR; };
		7CB8D83B2BC917370063D094 /* WalletSDKTests.swift */ = {isa = PBXFileReference; lastKnownFileType = sourcecode.swift; path = WalletSDKTests.swift; sourceTree = "<group>"; };
		7CB8D8462BC9174D0063D094 /* WalletAPI.swift */ = {isa = PBXFileReference; lastKnownFileType = sourcecode.swift; path = WalletAPI.swift; sourceTree = "<group>"; };
		7CCB02482C1936E3007280AE /* WalletApiError.swift */ = {isa = PBXFileReference; fileEncoding = 4; lastKnownFileType = sourcecode.swift; path = WalletApiError.swift; sourceTree = "<group>"; };
		7CCB024A2C1936FD007280AE /* DataModelSDK.framework */ = {isa = PBXFileReference; lastKnownFileType = wrapper.framework; name = DataModelSDK.framework; path = "../../../Library/Developer/Xcode/DerivedData/CASample-aweydsqpbyjzusdxjkwhsppnmjwj/Build/Products/Debug-iphoneos/DataModelSDK.framework"; sourceTree = "<group>"; };
		7CF0A1E82BFB38720006E992 /* DateUtil.swift */ = {isa = PBXFileReference; lastKnownFileType = sourcecode.swift; path = DateUtil.swift; sourceTree = "<group>"; };
		7CF23A512BF3606200DF97B6 /* Data.swift */ = {isa = PBXFileReference; lastKnownFileType = sourcecode.swift; path = Data.swift; sourceTree = "<group>"; };
		7CF8FFC12BD5EB41006193A3 /* WalletCoreProtocol.swift */ = {isa = PBXFileReference; lastKnownFileType = sourcecode.swift; path = WalletCoreProtocol.swift; sourceTree = "<group>"; };
		7CF8FFC32BD5EB5D006193A3 /* WalletServiceProtocol.swift */ = {isa = PBXFileReference; lastKnownFileType = sourcecode.swift; path = WalletServiceProtocol.swift; sourceTree = "<group>"; };
		7CFABBD12BDA23860058CFC1 /* WalletModel.xcdatamodel */ = {isa = PBXFileReference; lastKnownFileType = wrapper.xcdatamodel; path = WalletModel.xcdatamodel; sourceTree = "<group>"; };
		7CFABBF02BDA28E10058CFC1 /* CoreDataManager.swift */ = {isa = PBXFileReference; lastKnownFileType = sourcecode.swift; path = CoreDataManager.swift; sourceTree = "<group>"; };
		7CFABBF22BDA2A840058CFC1 /* Ca.swift */ = {isa = PBXFileReference; lastKnownFileType = sourcecode.swift; path = Ca.swift; sourceTree = "<group>"; };
		7CFABBF42BDA2A9C0058CFC1 /* Token.swift */ = {isa = PBXFileReference; lastKnownFileType = sourcecode.swift; path = Token.swift; sourceTree = "<group>"; };
		7CFABBF62BDA2B6E0058CFC1 /* CoreData.framework */ = {isa = PBXFileReference; lastKnownFileType = wrapper.framework; name = CoreData.framework; path = Platforms/MacOSX.platform/Developer/SDKs/MacOSX14.4.sdk/System/Library/Frameworks/CoreData.framework; sourceTree = DEVELOPER_DIR; };
/* End PBXFileReference section */

/* Begin PBXFrameworksBuildPhase section */
		7CB8D8292BC917370063D094 /* Frameworks */ = {
			isa = PBXFrameworksBuildPhase;
			buildActionMask = 2147483647;
			files = (
				7CFABBF72BDA2B6E0058CFC1 /* CoreData.framework in Frameworks */,
				7C871B352C1C1FD5002A80D8 /* OpenDID_DataModel.xcframework in Frameworks */,
				7CCB024B2C1936FD007280AE /* DataModelSDK.framework in Frameworks */,
				7CA8D12D2C1FF50300516DCE /* OpenDIDCryptoSDK.xcframework in Frameworks */,
			);
			runOnlyForDeploymentPostprocessing = 0;
		};
		7CB8D8332BC917370063D094 /* Frameworks */ = {
			isa = PBXFrameworksBuildPhase;
			buildActionMask = 2147483647;
			files = (
				7CB8D8372BC917370063D094 /* WalletSDK.framework in Frameworks */,
			);
			runOnlyForDeploymentPostprocessing = 0;
		};
/* End PBXFrameworksBuildPhase section */

/* Begin PBXGroup section */
		7C4E73572BD0DEE7004912C5 /* CoreWallet */ = {
			isa = PBXGroup;
			children = (
				7C4E73552BD0DEDE004912C5 /* WalletCore.swift */,
			);
			path = CoreWallet;
			sourceTree = "<group>";
		};
		7C4E73582BD0DF07004912C5 /* CoreUtil */ = {
			isa = PBXGroup;
			children = (
				7CF23A512BF3606200DF97B6 /* Data.swift */,
				7C48649F2BF6F60D00A58F07 /* Observable.swift */,
				7C1F01FB2BD908DE003F183E /* PrefWrapper.swift */,
				7C4E73592BD0DF25004912C5 /* CryptoUtil.swift */,
				7C4864AB2BF717AE00A58F07 /* KeyChainWrapper.swift */,
				7CF0A1E82BFB38720006E992 /* DateUtil.swift */,
				7C7A4E0D2BFC53CF00F4D63F /* Extension.swift */,
			);
			path = CoreUtil;
			sourceTree = "<group>";
		};
		7CB8D8222BC917370063D094 = {
			isa = PBXGroup;
			children = (
				7CB8D82E2BC917370063D094 /* WalletSDK */,
				7CB8D83A2BC917370063D094 /* WalletSDKTests */,
				7CB8D82D2BC917370063D094 /* Products */,
				7CF8FFB62BD5E34D006193A3 /* Frameworks */,
			);
			sourceTree = "<group>";
		};
		7CB8D82D2BC917370063D094 /* Products */ = {
			isa = PBXGroup;
			children = (
				7CB8D82C2BC917370063D094 /* WalletSDK.framework */,
				7CB8D8362BC917370063D094 /* WalletSDKTests.xctest */,
			);
			name = Products;
			sourceTree = "<group>";
		};
		7CB8D82E2BC917370063D094 /* WalletSDK */ = {
			isa = PBXGroup;
			children = (
				7CCB02482C1936E3007280AE /* WalletApiError.swift */,
				7CFABBD32BDA260F0058CFC1 /* CoreData */,
				7CF8FFC12BD5EB41006193A3 /* WalletCoreProtocol.swift */,
				7CF8FFC32BD5EB5D006193A3 /* WalletServiceProtocol.swift */,
				7CB8D8462BC9174D0063D094 /* WalletAPI.swift */,
				7C27EA3D2BFDAAA1006425D7 /* LockManager.swift */,
				7C1F01F92BD908C3003F183E /* WalletToken.swift */,
				7C4E73572BD0DEE7004912C5 /* CoreWallet */,
				7C4E73582BD0DF07004912C5 /* CoreUtil */,
				7CB8D82F2BC917370063D094 /* WalletSDK.h */,
				7CB8D8302BC917370063D094 /* WalletSDK.docc */,
			);
			path = WalletSDK;
			sourceTree = "<group>";
		};
		7CB8D83A2BC917370063D094 /* WalletSDKTests */ = {
			isa = PBXGroup;
			children = (
				7CB8D83B2BC917370063D094 /* WalletSDKTests.swift */,
			);
			path = WalletSDKTests;
			sourceTree = "<group>";
		};
		7CF8FFB62BD5E34D006193A3 /* Frameworks */ = {
			isa = PBXGroup;
			children = (
				7CA8D12C2C1FF50300516DCE /* OpenDIDCryptoSDK.xcframework */,
				7C871B342C1C1FD5002A80D8 /* OpenDID_DataModel.xcframework */,
				7CCB024A2C1936FD007280AE /* DataModelSDK.framework */,
				7CFABBF62BDA2B6E0058CFC1 /* CoreData.framework */,
				7C1F01E62BD8E3A7003F183E /* CrpytoSDK.framework */,
			);
			name = Frameworks;
			sourceTree = "<group>";
		};
		7CFABBD32BDA260F0058CFC1 /* CoreData */ = {
			isa = PBXGroup;
			children = (
				7CFABBD02BDA23860058CFC1 /* WalletModel.xcdatamodeld */,
				7CFABBF02BDA28E10058CFC1 /* CoreDataManager.swift */,
				7CFABBF22BDA2A840058CFC1 /* Ca.swift */,
				7CFABBF42BDA2A9C0058CFC1 /* Token.swift */,
				7C4864A32BF6FC6900A58F07 /* User.swift */,
			);
			path = CoreData;
			sourceTree = "<group>";
		};
/* End PBXGroup section */

/* Begin PBXHeadersBuildPhase section */
		7CB8D8272BC917370063D094 /* Headers */ = {
			isa = PBXHeadersBuildPhase;
			buildActionMask = 2147483647;
			files = (
				7CB8D83D2BC917370063D094 /* WalletSDK.h in Headers */,
			);
			runOnlyForDeploymentPostprocessing = 0;
		};
/* End PBXHeadersBuildPhase section */

/* Begin PBXNativeTarget section */
		7CB8D82B2BC917370063D094 /* WalletSDK */ = {
			isa = PBXNativeTarget;
			buildConfigurationList = 7CB8D8402BC917370063D094 /* Build configuration list for PBXNativeTarget "WalletSDK" */;
			buildPhases = (
				7CB8D8272BC917370063D094 /* Headers */,
				7CB8D8282BC917370063D094 /* Sources */,
				7CB8D8292BC917370063D094 /* Frameworks */,
				7CB8D82A2BC917370063D094 /* Resources */,
				7C1F01E92BD8E3A7003F183E /* Embed Frameworks */,
			);
			buildRules = (
			);
			dependencies = (
			);
			name = WalletSDK;
			productName = WalletSDK;
			productReference = 7CB8D82C2BC917370063D094 /* WalletSDK.framework */;
			productType = "com.apple.product-type.framework";
		};
		7CB8D8352BC917370063D094 /* WalletSDKTests */ = {
			isa = PBXNativeTarget;
			buildConfigurationList = 7CB8D8432BC917370063D094 /* Build configuration list for PBXNativeTarget "WalletSDKTests" */;
			buildPhases = (
				7CB8D8322BC917370063D094 /* Sources */,
				7CB8D8332BC917370063D094 /* Frameworks */,
				7CB8D8342BC917370063D094 /* Resources */,
			);
			buildRules = (
			);
			dependencies = (
				7CB8D8392BC917370063D094 /* PBXTargetDependency */,
			);
			name = WalletSDKTests;
			productName = WalletSDKTests;
			productReference = 7CB8D8362BC917370063D094 /* WalletSDKTests.xctest */;
			productType = "com.apple.product-type.bundle.unit-test";
		};
/* End PBXNativeTarget section */

/* Begin PBXProject section */
		7CB8D8232BC917370063D094 /* Project object */ = {
			isa = PBXProject;
			attributes = {
				BuildIndependentTargetsInParallel = 1;
				LastSwiftUpdateCheck = 1430;
				LastUpgradeCheck = 1430;
				TargetAttributes = {
					7CB8D82B2BC917370063D094 = {
						CreatedOnToolsVersion = 14.3;
					};
					7CB8D8352BC917370063D094 = {
						CreatedOnToolsVersion = 14.3;
					};
				};
			};
			buildConfigurationList = 7CB8D8262BC917370063D094 /* Build configuration list for PBXProject "WalletSDK" */;
			compatibilityVersion = "Xcode 14.0";
			developmentRegion = en;
			hasScannedForEncodings = 0;
			knownRegions = (
				en,
				Base,
			);
			mainGroup = 7CB8D8222BC917370063D094;
			productRefGroup = 7CB8D82D2BC917370063D094 /* Products */;
			projectDirPath = "";
			projectRoot = "";
			targets = (
				7CB8D82B2BC917370063D094 /* WalletSDK */,
				7CB8D8352BC917370063D094 /* WalletSDKTests */,
			);
		};
/* End PBXProject section */

/* Begin PBXResourcesBuildPhase section */
		7CB8D82A2BC917370063D094 /* Resources */ = {
			isa = PBXResourcesBuildPhase;
			buildActionMask = 2147483647;
			files = (
			);
			runOnlyForDeploymentPostprocessing = 0;
		};
		7CB8D8342BC917370063D094 /* Resources */ = {
			isa = PBXResourcesBuildPhase;
			buildActionMask = 2147483647;
			files = (
			);
			runOnlyForDeploymentPostprocessing = 0;
		};
/* End PBXResourcesBuildPhase section */

/* Begin PBXSourcesBuildPhase section */
		7CB8D8282BC917370063D094 /* Sources */ = {
			isa = PBXSourcesBuildPhase;
			buildActionMask = 2147483647;
			files = (
				7C4864A02BF6F60D00A58F07 /* Observable.swift in Sources */,
				7CF8FFC22BD5EB41006193A3 /* WalletCoreProtocol.swift in Sources */,
				7CF23A522BF3606200DF97B6 /* Data.swift in Sources */,
				7CB8D8472BC9174D0063D094 /* WalletAPI.swift in Sources */,
				7CCB02492C1936E3007280AE /* WalletApiError.swift in Sources */,
				7C1F01FC2BD908DE003F183E /* PrefWrapper.swift in Sources */,
				7CF0A1E92BFB38720006E992 /* DateUtil.swift in Sources */,
				7C27EA3E2BFDAAA1006425D7 /* LockManager.swift in Sources */,
				7C4864A42BF6FC6900A58F07 /* User.swift in Sources */,
				7CB8D8312BC917370063D094 /* WalletSDK.docc in Sources */,
				7CFABBF12BDA28E10058CFC1 /* CoreDataManager.swift in Sources */,
				7C7A4E0E2BFC53CF00F4D63F /* Extension.swift in Sources */,
				7CFABBF52BDA2A9C0058CFC1 /* Token.swift in Sources */,
				7C4864AC2BF717AE00A58F07 /* KeyChainWrapper.swift in Sources */,
				7CFABBF32BDA2A840058CFC1 /* Ca.swift in Sources */,
				7C4E735A2BD0DF25004912C5 /* CryptoUtil.swift in Sources */,
				7CF8FFC42BD5EB5D006193A3 /* WalletServiceProtocol.swift in Sources */,
				7C4E73562BD0DEDE004912C5 /* WalletCore.swift in Sources */,
				7C1F01FA2BD908C3003F183E /* WalletToken.swift in Sources */,
				7CFABBD22BDA23860058CFC1 /* WalletModel.xcdatamodeld in Sources */,
			);
			runOnlyForDeploymentPostprocessing = 0;
		};
		7CB8D8322BC917370063D094 /* Sources */ = {
			isa = PBXSourcesBuildPhase;
			buildActionMask = 2147483647;
			files = (
				7CB8D83C2BC917370063D094 /* WalletSDKTests.swift in Sources */,
			);
			runOnlyForDeploymentPostprocessing = 0;
		};
/* End PBXSourcesBuildPhase section */

/* Begin PBXTargetDependency section */
		7CB8D8392BC917370063D094 /* PBXTargetDependency */ = {
			isa = PBXTargetDependency;
			target = 7CB8D82B2BC917370063D094 /* WalletSDK */;
			targetProxy = 7CB8D8382BC917370063D094 /* PBXContainerItemProxy */;
		};
/* End PBXTargetDependency section */

/* Begin XCBuildConfiguration section */
		7CB8D83E2BC917370063D094 /* Debug */ = {
			isa = XCBuildConfiguration;
			buildSettings = {
				ALWAYS_SEARCH_USER_PATHS = NO;
				CLANG_ANALYZER_NONNULL = YES;
				CLANG_ANALYZER_NUMBER_OBJECT_CONVERSION = YES_AGGRESSIVE;
				CLANG_CXX_LANGUAGE_STANDARD = "gnu++20";
				CLANG_ENABLE_MODULES = YES;
				CLANG_ENABLE_OBJC_ARC = YES;
				CLANG_ENABLE_OBJC_WEAK = YES;
				CLANG_WARN_BLOCK_CAPTURE_AUTORELEASING = YES;
				CLANG_WARN_BOOL_CONVERSION = YES;
				CLANG_WARN_COMMA = YES;
				CLANG_WARN_CONSTANT_CONVERSION = YES;
				CLANG_WARN_DEPRECATED_OBJC_IMPLEMENTATIONS = YES;
				CLANG_WARN_DIRECT_OBJC_ISA_USAGE = YES_ERROR;
				CLANG_WARN_DOCUMENTATION_COMMENTS = YES;
				CLANG_WARN_EMPTY_BODY = YES;
				CLANG_WARN_ENUM_CONVERSION = YES;
				CLANG_WARN_INFINITE_RECURSION = YES;
				CLANG_WARN_INT_CONVERSION = YES;
				CLANG_WARN_NON_LITERAL_NULL_CONVERSION = YES;
				CLANG_WARN_OBJC_IMPLICIT_RETAIN_SELF = YES;
				CLANG_WARN_OBJC_LITERAL_CONVERSION = YES;
				CLANG_WARN_OBJC_ROOT_CLASS = YES_ERROR;
				CLANG_WARN_QUOTED_INCLUDE_IN_FRAMEWORK_HEADER = YES;
				CLANG_WARN_RANGE_LOOP_ANALYSIS = YES;
				CLANG_WARN_STRICT_PROTOTYPES = YES;
				CLANG_WARN_SUSPICIOUS_MOVE = YES;
				CLANG_WARN_UNGUARDED_AVAILABILITY = YES_AGGRESSIVE;
				CLANG_WARN_UNREACHABLE_CODE = YES;
				CLANG_WARN__DUPLICATE_METHOD_MATCH = YES;
				COPY_PHASE_STRIP = NO;
				CURRENT_PROJECT_VERSION = 1;
				DEBUG_INFORMATION_FORMAT = dwarf;
				ENABLE_STRICT_OBJC_MSGSEND = YES;
				ENABLE_TESTABILITY = YES;
				GCC_C_LANGUAGE_STANDARD = gnu11;
				GCC_DYNAMIC_NO_PIC = NO;
				GCC_NO_COMMON_BLOCKS = YES;
				GCC_OPTIMIZATION_LEVEL = 0;
				GCC_PREPROCESSOR_DEFINITIONS = (
					"DEBUG=1",
					"$(inherited)",
				);
				GCC_WARN_64_TO_32_BIT_CONVERSION = YES;
				GCC_WARN_ABOUT_RETURN_TYPE = YES_ERROR;
				GCC_WARN_UNDECLARED_SELECTOR = YES;
				GCC_WARN_UNINITIALIZED_AUTOS = YES_AGGRESSIVE;
				GCC_WARN_UNUSED_FUNCTION = YES;
				GCC_WARN_UNUSED_VARIABLE = YES;
				IPHONEOS_DEPLOYMENT_TARGET = 16.4;
				MTL_ENABLE_DEBUG_INFO = INCLUDE_SOURCE;
				MTL_FAST_MATH = YES;
				ONLY_ACTIVE_ARCH = YES;
				SDKROOT = iphoneos;
				SWIFT_ACTIVE_COMPILATION_CONDITIONS = DEBUG;
				SWIFT_OPTIMIZATION_LEVEL = "-Onone";
				VERSIONING_SYSTEM = "apple-generic";
				VERSION_INFO_PREFIX = "";
			};
			name = Debug;
		};
		7CB8D83F2BC917370063D094 /* Release */ = {
			isa = XCBuildConfiguration;
			buildSettings = {
				ALWAYS_SEARCH_USER_PATHS = NO;
				CLANG_ANALYZER_NONNULL = YES;
				CLANG_ANALYZER_NUMBER_OBJECT_CONVERSION = YES_AGGRESSIVE;
				CLANG_CXX_LANGUAGE_STANDARD = "gnu++20";
				CLANG_ENABLE_MODULES = YES;
				CLANG_ENABLE_OBJC_ARC = YES;
				CLANG_ENABLE_OBJC_WEAK = YES;
				CLANG_WARN_BLOCK_CAPTURE_AUTORELEASING = YES;
				CLANG_WARN_BOOL_CONVERSION = YES;
				CLANG_WARN_COMMA = YES;
				CLANG_WARN_CONSTANT_CONVERSION = YES;
				CLANG_WARN_DEPRECATED_OBJC_IMPLEMENTATIONS = YES;
				CLANG_WARN_DIRECT_OBJC_ISA_USAGE = YES_ERROR;
				CLANG_WARN_DOCUMENTATION_COMMENTS = YES;
				CLANG_WARN_EMPTY_BODY = YES;
				CLANG_WARN_ENUM_CONVERSION = YES;
				CLANG_WARN_INFINITE_RECURSION = YES;
				CLANG_WARN_INT_CONVERSION = YES;
				CLANG_WARN_NON_LITERAL_NULL_CONVERSION = YES;
				CLANG_WARN_OBJC_IMPLICIT_RETAIN_SELF = YES;
				CLANG_WARN_OBJC_LITERAL_CONVERSION = YES;
				CLANG_WARN_OBJC_ROOT_CLASS = YES_ERROR;
				CLANG_WARN_QUOTED_INCLUDE_IN_FRAMEWORK_HEADER = YES;
				CLANG_WARN_RANGE_LOOP_ANALYSIS = YES;
				CLANG_WARN_STRICT_PROTOTYPES = YES;
				CLANG_WARN_SUSPICIOUS_MOVE = YES;
				CLANG_WARN_UNGUARDED_AVAILABILITY = YES_AGGRESSIVE;
				CLANG_WARN_UNREACHABLE_CODE = YES;
				CLANG_WARN__DUPLICATE_METHOD_MATCH = YES;
				COPY_PHASE_STRIP = NO;
				CURRENT_PROJECT_VERSION = 1;
				DEBUG_INFORMATION_FORMAT = "dwarf-with-dsym";
				ENABLE_NS_ASSERTIONS = NO;
				ENABLE_STRICT_OBJC_MSGSEND = YES;
				GCC_C_LANGUAGE_STANDARD = gnu11;
				GCC_NO_COMMON_BLOCKS = YES;
				GCC_WARN_64_TO_32_BIT_CONVERSION = YES;
				GCC_WARN_ABOUT_RETURN_TYPE = YES_ERROR;
				GCC_WARN_UNDECLARED_SELECTOR = YES;
				GCC_WARN_UNINITIALIZED_AUTOS = YES_AGGRESSIVE;
				GCC_WARN_UNUSED_FUNCTION = YES;
				GCC_WARN_UNUSED_VARIABLE = YES;
				IPHONEOS_DEPLOYMENT_TARGET = 16.4;
				MTL_ENABLE_DEBUG_INFO = NO;
				MTL_FAST_MATH = YES;
				SDKROOT = iphoneos;
				SWIFT_COMPILATION_MODE = wholemodule;
				SWIFT_OPTIMIZATION_LEVEL = "-O";
				VALIDATE_PRODUCT = YES;
				VERSIONING_SYSTEM = "apple-generic";
				VERSION_INFO_PREFIX = "";
			};
			name = Release;
		};
		7CB8D8412BC917370063D094 /* Debug */ = {
			isa = XCBuildConfiguration;
			buildSettings = {
				CODE_SIGN_STYLE = Automatic;
				CURRENT_PROJECT_VERSION = 1;
				DEFINES_MODULE = YES;
				DEVELOPMENT_TEAM = 8PPF4J9QGG;
				DYLIB_COMPATIBILITY_VERSION = 1;
				DYLIB_CURRENT_VERSION = 1;
				DYLIB_INSTALL_NAME_BASE = "@rpath";
				ENABLE_MODULE_VERIFIER = YES;
				GENERATE_INFOPLIST_FILE = YES;
				INFOPLIST_KEY_NSHumanReadableCopyright = "";
				INSTALL_PATH = "$(LOCAL_LIBRARY_DIR)/Frameworks";
				IPHONEOS_DEPLOYMENT_TARGET = 15.6;
				LD_RUNPATH_SEARCH_PATHS = (
					"$(inherited)",
					"@executable_path/Frameworks",
					"@loader_path/Frameworks",
				);
				MARKETING_VERSION = 1.0;
				MODULE_VERIFIER_SUPPORTED_LANGUAGES = "objective-c objective-c++";
				MODULE_VERIFIER_SUPPORTED_LANGUAGE_STANDARDS = "gnu11 gnu++20";
				PRODUCT_BUNDLE_IDENTIFIER = org.omnione.did.sdk.wallet;
				PRODUCT_NAME = "$(TARGET_NAME:c99extidentifier)";
				SKIP_INSTALL = YES;
				SWIFT_EMIT_LOC_STRINGS = YES;
				SWIFT_VERSION = 5.0;
				TARGETED_DEVICE_FAMILY = "1,2";
			};
			name = Debug;
		};
		7CB8D8422BC917370063D094 /* Release */ = {
			isa = XCBuildConfiguration;
			buildSettings = {
				CODE_SIGN_STYLE = Automatic;
				CURRENT_PROJECT_VERSION = 1;
				DEFINES_MODULE = YES;
				DEVELOPMENT_TEAM = 8PPF4J9QGG;
				DYLIB_COMPATIBILITY_VERSION = 1;
				DYLIB_CURRENT_VERSION = 1;
				DYLIB_INSTALL_NAME_BASE = "@rpath";
				ENABLE_MODULE_VERIFIER = YES;
				GENERATE_INFOPLIST_FILE = YES;
				INFOPLIST_KEY_NSHumanReadableCopyright = "";
				INSTALL_PATH = "$(LOCAL_LIBRARY_DIR)/Frameworks";
				IPHONEOS_DEPLOYMENT_TARGET = 15.6;
				LD_RUNPATH_SEARCH_PATHS = (
					"$(inherited)",
					"@executable_path/Frameworks",
					"@loader_path/Frameworks",
				);
				MARKETING_VERSION = 1.0;
				MODULE_VERIFIER_SUPPORTED_LANGUAGES = "objective-c objective-c++";
				MODULE_VERIFIER_SUPPORTED_LANGUAGE_STANDARDS = "gnu11 gnu++20";
				PRODUCT_BUNDLE_IDENTIFIER = org.omnione.did.sdk.wallet;
				PRODUCT_NAME = "$(TARGET_NAME:c99extidentifier)";
				SKIP_INSTALL = YES;
				SWIFT_EMIT_LOC_STRINGS = YES;
				SWIFT_VERSION = 5.0;
				TARGETED_DEVICE_FAMILY = "1,2";
			};
			name = Release;
		};
		7CB8D8442BC917370063D094 /* Debug */ = {
			isa = XCBuildConfiguration;
			buildSettings = {
				ALWAYS_EMBED_SWIFT_STANDARD_LIBRARIES = YES;
				CODE_SIGN_STYLE = Automatic;
				CURRENT_PROJECT_VERSION = 1;
				DEVELOPMENT_TEAM = 8PPF4J9QGG;
				GENERATE_INFOPLIST_FILE = YES;
				IPHONEOS_DEPLOYMENT_TARGET = 15.6;
				MARKETING_VERSION = 1.0;
				PRODUCT_BUNDLE_IDENTIFIER = com.opendid.wallet.WalletSDKTests;
				PRODUCT_NAME = "$(TARGET_NAME)";
				SWIFT_EMIT_LOC_STRINGS = NO;
				SWIFT_VERSION = 5.0;
				TARGETED_DEVICE_FAMILY = "1,2";
			};
			name = Debug;
		};
		7CB8D8452BC917370063D094 /* Release */ = {
			isa = XCBuildConfiguration;
			buildSettings = {
				ALWAYS_EMBED_SWIFT_STANDARD_LIBRARIES = YES;
				CODE_SIGN_STYLE = Automatic;
				CURRENT_PROJECT_VERSION = 1;
				DEVELOPMENT_TEAM = 8PPF4J9QGG;
				GENERATE_INFOPLIST_FILE = YES;
				IPHONEOS_DEPLOYMENT_TARGET = 15.6;
				MARKETING_VERSION = 1.0;
				PRODUCT_BUNDLE_IDENTIFIER = com.opendid.wallet.WalletSDKTests;
				PRODUCT_NAME = "$(TARGET_NAME)";
				SWIFT_EMIT_LOC_STRINGS = NO;
				SWIFT_VERSION = 5.0;
				TARGETED_DEVICE_FAMILY = "1,2";
			};
			name = Release;
		};
/* End XCBuildConfiguration section */

/* Begin XCConfigurationList section */
		7CB8D8262BC917370063D094 /* Build configuration list for PBXProject "WalletSDK" */ = {
			isa = XCConfigurationList;
			buildConfigurations = (
				7CB8D83E2BC917370063D094 /* Debug */,
				7CB8D83F2BC917370063D094 /* Release */,
			);
			defaultConfigurationIsVisible = 0;
			defaultConfigurationName = Release;
		};
		7CB8D8402BC917370063D094 /* Build configuration list for PBXNativeTarget "WalletSDK" */ = {
			isa = XCConfigurationList;
			buildConfigurations = (
				7CB8D8412BC917370063D094 /* Debug */,
				7CB8D8422BC917370063D094 /* Release */,
			);
			defaultConfigurationIsVisible = 0;
			defaultConfigurationName = Release;
		};
		7CB8D8432BC917370063D094 /* Build configuration list for PBXNativeTarget "WalletSDKTests" */ = {
			isa = XCConfigurationList;
			buildConfigurations = (
				7CB8D8442BC917370063D094 /* Debug */,
				7CB8D8452BC917370063D094 /* Release */,
			);
			defaultConfigurationIsVisible = 0;
			defaultConfigurationName = Release;
		};
/* End XCConfigurationList section */

/* Begin XCVersionGroup section */
		7CFABBD02BDA23860058CFC1 /* WalletModel.xcdatamodeld */ = {
			isa = XCVersionGroup;
			children = (
				7CFABBD12BDA23860058CFC1 /* WalletModel.xcdatamodel */,
			);
			currentVersion = 7CFABBD12BDA23860058CFC1 /* WalletModel.xcdatamodel */;
			path = WalletModel.xcdatamodeld;
			sourceTree = "<group>";
			versionGroupType = wrapper.xcdatamodel;
		};
/* End XCVersionGroup section */
	};
	rootObject = 7CB8D8232BC917370063D094 /* Project object */;
}
